
Microsoft Visual Studio Solution File, Format Version 12.00
# Visual Studio Version 17
VisualStudioVersion = 17.5.33516.290
MinimumVisualStudioVersion = 10.0.40219.1
Project("{FAE04EC0-301F-11D3-BF4B-00C04F79EFBC}") = "FinalExamQ2", "FinalExamQ2.csproj", "{E6D06327-B014-49AC-A07D-179CE82602BE}"
EndProject
Global
	GlobalSection(SolutionConfigurationPlatforms) = preSolution
		Debug|Any CPU = Debug|Any CPU
		Release|Any CPU = Release|Any CPU
	EndGlobalSection
	GlobalSection(ProjectConfigurationPlatforms) = postSolution
		{E6D06327-B014-49AC-A07D-179CE82602BE}.Debug|Any CPU.ActiveCfg = Debug|Any CPU
		{E6D06327-B014-49AC-A07D-179CE82602BE}.Debug|Any CPU.Build.0 = Debug|Any CPU
		{E6D06327-B014-49AC-A07D-179CE82602BE}.Release|Any CPU.ActiveCfg = Release|Any CPU
		{E6D06327-B014-49AC-A07D-179CE82602BE}.Release|Any CPU.Build.0 = Release|Any CPU
	EndGlobalSection
	GlobalSection(SolutionProperties) = preSolution
		HideSolutionNode = FALSE
	EndGlobalSection
	GlobalSection(ExtensibilityGlobals) = postSolution
		SolutionGuid = {7E4FCAF7-6EA2-4140-9C79-83193E60138F}
	EndGlobalSection
EndGlobal
