
Microsoft Visual Studio Solution File, Format Version 12.00
# Visual Studio Version 17
VisualStudioVersion = 17.4.33213.308
MinimumVisualStudioVersion = 10.0.40219.1
Project("{FAE04EC0-301F-11D3-BF4B-00C04F79EFBC}") = "UnitTest2", "UnitTest2.csproj", "{95D96760-1F99-493C-9A30-840B5EF3BDFF}"
EndProject
Global
	GlobalSection(SolutionConfigurationPlatforms) = preSolution
		Debug|Any CPU = Debug|Any CPU
		Release|Any CPU = Release|Any CPU
	EndGlobalSection
	GlobalSection(ProjectConfigurationPlatforms) = postSolution
		{95D96760-1F99-493C-9A30-840B5EF3BDFF}.Debug|Any CPU.ActiveCfg = Debug|Any CPU
		{95D96760-1F99-493C-9A30-840B5EF3BDFF}.Debug|Any CPU.Build.0 = Debug|Any CPU
		{95D96760-1F99-493C-9A30-840B5EF3BDFF}.Release|Any CPU.ActiveCfg = Release|Any CPU
		{95D96760-1F99-493C-9A30-840B5EF3BDFF}.Release|Any CPU.Build.0 = Release|Any CPU
	EndGlobalSection
	GlobalSection(SolutionProperties) = preSolution
		HideSolutionNode = FALSE
	EndGlobalSection
	GlobalSection(ExtensibilityGlobals) = postSolution
		SolutionGuid = {C020B1B3-61DC-4246-B77E-C19F7952236A}
	EndGlobalSection
EndGlobal
