
Microsoft Visual Studio Solution File, Format Version 12.00
# Visual Studio Version 17
VisualStudioVersion = 17.4.33213.308
MinimumVisualStudioVersion = 10.0.40219.1
Project("{FAE04EC0-301F-11D3-BF4B-00C04F79EFBC}") = "PE12 Q3", "PE12 Q3.csproj", "{4F2B9AC6-8193-4A41-AB3A-622153300724}"
EndProject
Global
	GlobalSection(SolutionConfigurationPlatforms) = preSolution
		Debug|Any CPU = Debug|Any CPU
		Release|Any CPU = Release|Any CPU
	EndGlobalSection
	GlobalSection(ProjectConfigurationPlatforms) = postSolution
		{4F2B9AC6-8193-4A41-AB3A-622153300724}.Debug|Any CPU.ActiveCfg = Debug|Any CPU
		{4F2B9AC6-8193-4A41-AB3A-622153300724}.Debug|Any CPU.Build.0 = Debug|Any CPU
		{4F2B9AC6-8193-4A41-AB3A-622153300724}.Release|Any CPU.ActiveCfg = Release|Any CPU
		{4F2B9AC6-8193-4A41-AB3A-622153300724}.Release|Any CPU.Build.0 = Release|Any CPU
	EndGlobalSection
	GlobalSection(SolutionProperties) = preSolution
		HideSolutionNode = FALSE
	EndGlobalSection
	GlobalSection(ExtensibilityGlobals) = postSolution
		SolutionGuid = {3DC231E7-E951-4EC0-A113-62D69787B140}
	EndGlobalSection
EndGlobal
