
Microsoft Visual Studio Solution File, Format Version 12.00
# Visual Studio Version 17
VisualStudioVersion = 17.4.33213.308
MinimumVisualStudioVersion = 10.0.40219.1
Project("{FAE04EC0-301F-11D3-BF4B-00C04F79EFBC}") = "PE6", "PE6.csproj", "{8D4AA8F8-DA54-4D49-BCDC-887223E4B95F}"
EndProject
Global
	GlobalSection(SolutionConfigurationPlatforms) = preSolution
		Debug|Any CPU = Debug|Any CPU
		Release|Any CPU = Release|Any CPU
	EndGlobalSection
	GlobalSection(ProjectConfigurationPlatforms) = postSolution
		{8D4AA8F8-DA54-4D49-BCDC-887223E4B95F}.Debug|Any CPU.ActiveCfg = Debug|Any CPU
		{8D4AA8F8-DA54-4D49-BCDC-887223E4B95F}.Debug|Any CPU.Build.0 = Debug|Any CPU
		{8D4AA8F8-DA54-4D49-BCDC-887223E4B95F}.Release|Any CPU.ActiveCfg = Release|Any CPU
		{8D4AA8F8-DA54-4D49-BCDC-887223E4B95F}.Release|Any CPU.Build.0 = Release|Any CPU
	EndGlobalSection
	GlobalSection(SolutionProperties) = preSolution
		HideSolutionNode = FALSE
	EndGlobalSection
	GlobalSection(ExtensibilityGlobals) = postSolution
		SolutionGuid = {9C8EE064-5097-4674-8C74-028F0EEF1629}
	EndGlobalSection
EndGlobal
