
Microsoft Visual Studio Solution File, Format Version 12.00
# Visual Studio Version 17
VisualStudioVersion = 17.4.33213.308
MinimumVisualStudioVersion = 10.0.40219.1
Project("{FAE04EC0-301F-11D3-BF4B-00C04F79EFBC}") = "Unit1Q2", "Unit1Q2.csproj", "{34552783-BBDA-4E81-9D68-98498A9ADE32}"
EndProject
Global
	GlobalSection(SolutionConfigurationPlatforms) = preSolution
		Debug|Any CPU = Debug|Any CPU
		Release|Any CPU = Release|Any CPU
	EndGlobalSection
	GlobalSection(ProjectConfigurationPlatforms) = postSolution
		{34552783-BBDA-4E81-9D68-98498A9ADE32}.Debug|Any CPU.ActiveCfg = Debug|Any CPU
		{34552783-BBDA-4E81-9D68-98498A9ADE32}.Debug|Any CPU.Build.0 = Debug|Any CPU
		{34552783-BBDA-4E81-9D68-98498A9ADE32}.Release|Any CPU.ActiveCfg = Release|Any CPU
		{34552783-BBDA-4E81-9D68-98498A9ADE32}.Release|Any CPU.Build.0 = Release|Any CPU
	EndGlobalSection
	GlobalSection(SolutionProperties) = preSolution
		HideSolutionNode = FALSE
	EndGlobalSection
	GlobalSection(ExtensibilityGlobals) = postSolution
		SolutionGuid = {BECE852D-A597-4080-B33C-37A8C7679D5D}
	EndGlobalSection
EndGlobal
