
Microsoft Visual Studio Solution File, Format Version 12.00
# Visual Studio Version 17
VisualStudioVersion = 17.4.33213.308
MinimumVisualStudioVersion = 10.0.40219.1
Project("{FAE04EC0-301F-11D3-BF4B-00C04F79EFBC}") = "Samuel_HelloWorld", "Samuel_HelloWorld.csproj", "{46BCF8A1-F985-46A4-B7EA-880EAAF1B690}"
EndProject
Global
	GlobalSection(SolutionConfigurationPlatforms) = preSolution
		Debug|Any CPU = Debug|Any CPU
		Release|Any CPU = Release|Any CPU
	EndGlobalSection
	GlobalSection(ProjectConfigurationPlatforms) = postSolution
		{46BCF8A1-F985-46A4-B7EA-880EAAF1B690}.Debug|Any CPU.ActiveCfg = Debug|Any CPU
		{46BCF8A1-F985-46A4-B7EA-880EAAF1B690}.Debug|Any CPU.Build.0 = Debug|Any CPU
		{46BCF8A1-F985-46A4-B7EA-880EAAF1B690}.Release|Any CPU.ActiveCfg = Release|Any CPU
		{46BCF8A1-F985-46A4-B7EA-880EAAF1B690}.Release|Any CPU.Build.0 = Release|Any CPU
	EndGlobalSection
	GlobalSection(SolutionProperties) = preSolution
		HideSolutionNode = FALSE
	EndGlobalSection
	GlobalSection(ExtensibilityGlobals) = postSolution
		SolutionGuid = {B489C760-16CE-4E02-A36B-3993B002B6DA}
	EndGlobalSection
EndGlobal
