
Microsoft Visual Studio Solution File, Format Version 12.00
# Visual Studio Version 17
VisualStudioVersion = 17.4.33213.308
MinimumVisualStudioVersion = 10.0.40219.1
Project("{FAE04EC0-301F-11D3-BF4B-00C04F79EFBC}") = "PE9 Q3", "PE9 Q3.csproj", "{277C1E13-64DC-4E3E-BF7B-49468721CD34}"
EndProject
Global
	GlobalSection(SolutionConfigurationPlatforms) = preSolution
		Debug|Any CPU = Debug|Any CPU
		Release|Any CPU = Release|Any CPU
	EndGlobalSection
	GlobalSection(ProjectConfigurationPlatforms) = postSolution
		{277C1E13-64DC-4E3E-BF7B-49468721CD34}.Debug|Any CPU.ActiveCfg = Debug|Any CPU
		{277C1E13-64DC-4E3E-BF7B-49468721CD34}.Debug|Any CPU.Build.0 = Debug|Any CPU
		{277C1E13-64DC-4E3E-BF7B-49468721CD34}.Release|Any CPU.ActiveCfg = Release|Any CPU
		{277C1E13-64DC-4E3E-BF7B-49468721CD34}.Release|Any CPU.Build.0 = Release|Any CPU
	EndGlobalSection
	GlobalSection(SolutionProperties) = preSolution
		HideSolutionNode = FALSE
	EndGlobalSection
	GlobalSection(ExtensibilityGlobals) = postSolution
		SolutionGuid = {234A50B5-A4DE-47A3-A83D-33D4FD6BA9DB}
	EndGlobalSection
EndGlobal
