
Microsoft Visual Studio Solution File, Format Version 12.00
# Visual Studio Version 17
VisualStudioVersion = 17.4.33213.308
MinimumVisualStudioVersion = 10.0.40219.1
Project("{FAE04EC0-301F-11D3-BF4B-00C04F79EFBC}") = "Unit1Q1", "Unit1Q1.csproj", "{7841A039-4F54-4C18-96B7-5FA4C8AA88C0}"
EndProject
Global
	GlobalSection(SolutionConfigurationPlatforms) = preSolution
		Debug|Any CPU = Debug|Any CPU
		Release|Any CPU = Release|Any CPU
	EndGlobalSection
	GlobalSection(ProjectConfigurationPlatforms) = postSolution
		{7841A039-4F54-4C18-96B7-5FA4C8AA88C0}.Debug|Any CPU.ActiveCfg = Debug|Any CPU
		{7841A039-4F54-4C18-96B7-5FA4C8AA88C0}.Debug|Any CPU.Build.0 = Debug|Any CPU
		{7841A039-4F54-4C18-96B7-5FA4C8AA88C0}.Release|Any CPU.ActiveCfg = Release|Any CPU
		{7841A039-4F54-4C18-96B7-5FA4C8AA88C0}.Release|Any CPU.Build.0 = Release|Any CPU
	EndGlobalSection
	GlobalSection(SolutionProperties) = preSolution
		HideSolutionNode = FALSE
	EndGlobalSection
	GlobalSection(ExtensibilityGlobals) = postSolution
		SolutionGuid = {4203C6E5-32CE-4D2C-AF10-6596C5E72770}
	EndGlobalSection
EndGlobal
