
Microsoft Visual Studio Solution File, Format Version 12.00
# Visual Studio Version 17
VisualStudioVersion = 17.4.33213.308
MinimumVisualStudioVersion = 10.0.40219.1
Project("{FAE04EC0-301F-11D3-BF4B-00C04F79EFBC}") = "Unit1Q14", "Unit1Q14.csproj", "{383CDECA-B3FA-44B0-8B65-2A45670477CC}"
EndProject
Global
	GlobalSection(SolutionConfigurationPlatforms) = preSolution
		Debug|Any CPU = Debug|Any CPU
		Release|Any CPU = Release|Any CPU
	EndGlobalSection
	GlobalSection(ProjectConfigurationPlatforms) = postSolution
		{383CDECA-B3FA-44B0-8B65-2A45670477CC}.Debug|Any CPU.ActiveCfg = Debug|Any CPU
		{383CDECA-B3FA-44B0-8B65-2A45670477CC}.Debug|Any CPU.Build.0 = Debug|Any CPU
		{383CDECA-B3FA-44B0-8B65-2A45670477CC}.Release|Any CPU.ActiveCfg = Release|Any CPU
		{383CDECA-B3FA-44B0-8B65-2A45670477CC}.Release|Any CPU.Build.0 = Release|Any CPU
	EndGlobalSection
	GlobalSection(SolutionProperties) = preSolution
		HideSolutionNode = FALSE
	EndGlobalSection
	GlobalSection(ExtensibilityGlobals) = postSolution
		SolutionGuid = {4647FDF4-C988-48B7-8650-1BA75F4FF438}
	EndGlobalSection
EndGlobal
