
Microsoft Visual Studio Solution File, Format Version 12.00
# Visual Studio Version 17
VisualStudioVersion = 17.4.33213.308
MinimumVisualStudioVersion = 10.0.40219.1
Project("{FAE04EC0-301F-11D3-BF4B-00C04F79EFBC}") = "SongLib", "SongLib.csproj", "{D6C1D0FB-ADAB-4684-952E-A87D5C9C5E1B}"
EndProject
Global
	GlobalSection(SolutionConfigurationPlatforms) = preSolution
		Debug|Any CPU = Debug|Any CPU
		Release|Any CPU = Release|Any CPU
	EndGlobalSection
	GlobalSection(ProjectConfigurationPlatforms) = postSolution
		{D6C1D0FB-ADAB-4684-952E-A87D5C9C5E1B}.Debug|Any CPU.ActiveCfg = Debug|Any CPU
		{D6C1D0FB-ADAB-4684-952E-A87D5C9C5E1B}.Debug|Any CPU.Build.0 = Debug|Any CPU
		{D6C1D0FB-ADAB-4684-952E-A87D5C9C5E1B}.Release|Any CPU.ActiveCfg = Release|Any CPU
		{D6C1D0FB-ADAB-4684-952E-A87D5C9C5E1B}.Release|Any CPU.Build.0 = Release|Any CPU
	EndGlobalSection
	GlobalSection(SolutionProperties) = preSolution
		HideSolutionNode = FALSE
	EndGlobalSection
	GlobalSection(ExtensibilityGlobals) = postSolution
		SolutionGuid = {917CAF02-312A-461D-882C-8E7F199E0D1E}
	EndGlobalSection
EndGlobal
