
Microsoft Visual Studio Solution File, Format Version 12.00
# Visual Studio Version 17
VisualStudioVersion = 17.5.33516.290
MinimumVisualStudioVersion = 10.0.40219.1
Project("{FAE04EC0-301F-11D3-BF4B-00C04F79EFBC}") = "PE 21", "PE 21.csproj", "{FDECA88A-75CE-4576-BD93-A44DBF634F1A}"
EndProject
Global
	GlobalSection(SolutionConfigurationPlatforms) = preSolution
		Debug|Any CPU = Debug|Any CPU
		Release|Any CPU = Release|Any CPU
	EndGlobalSection
	GlobalSection(ProjectConfigurationPlatforms) = postSolution
		{FDECA88A-75CE-4576-BD93-A44DBF634F1A}.Debug|Any CPU.ActiveCfg = Debug|Any CPU
		{FDECA88A-75CE-4576-BD93-A44DBF634F1A}.Debug|Any CPU.Build.0 = Debug|Any CPU
		{FDECA88A-75CE-4576-BD93-A44DBF634F1A}.Release|Any CPU.ActiveCfg = Release|Any CPU
		{FDECA88A-75CE-4576-BD93-A44DBF634F1A}.Release|Any CPU.Build.0 = Release|Any CPU
	EndGlobalSection
	GlobalSection(SolutionProperties) = preSolution
		HideSolutionNode = FALSE
	EndGlobalSection
	GlobalSection(ExtensibilityGlobals) = postSolution
		SolutionGuid = {BA74D490-750A-4039-9E8D-EC90DD5D8897}
	EndGlobalSection
EndGlobal
