
Microsoft Visual Studio Solution File, Format Version 12.00
# Visual Studio Version 17
VisualStudioVersion = 17.4.33213.308
MinimumVisualStudioVersion = 10.0.40219.1
Project("{FAE04EC0-301F-11D3-BF4B-00C04F79EFBC}") = "PE9", "PE9.csproj", "{584B2A78-DF21-4CF4-953A-A1C169CF43B6}"
EndProject
Global
	GlobalSection(SolutionConfigurationPlatforms) = preSolution
		Debug|Any CPU = Debug|Any CPU
		Release|Any CPU = Release|Any CPU
	EndGlobalSection
	GlobalSection(ProjectConfigurationPlatforms) = postSolution
		{584B2A78-DF21-4CF4-953A-A1C169CF43B6}.Debug|Any CPU.ActiveCfg = Debug|Any CPU
		{584B2A78-DF21-4CF4-953A-A1C169CF43B6}.Debug|Any CPU.Build.0 = Debug|Any CPU
		{584B2A78-DF21-4CF4-953A-A1C169CF43B6}.Release|Any CPU.ActiveCfg = Release|Any CPU
		{584B2A78-DF21-4CF4-953A-A1C169CF43B6}.Release|Any CPU.Build.0 = Release|Any CPU
	EndGlobalSection
	GlobalSection(SolutionProperties) = preSolution
		HideSolutionNode = FALSE
	EndGlobalSection
	GlobalSection(ExtensibilityGlobals) = postSolution
		SolutionGuid = {7C319033-6014-414E-B564-011BE33660D6}
	EndGlobalSection
EndGlobal
